
Microsoft Visual Studio Solution File, Format Version 12.00
# Visual Studio Version 16
VisualStudioVersion = 16.0.29709.97
MinimumVisualStudioVersion = 10.0.40219.1
Project("{FAE04EC0-301F-11D3-BF4B-00C04F79EFBC}") = "SpeechSynthesis", "SpeechSynthesis\SpeechSynthesis.csproj", "{0777B7C6-E6E9-4EFE-9483-027A0FF4379E}"
EndProject
Project("{FAE04EC0-301F-11D3-BF4B-00C04F79EFBC}") = "SpeechSynthesisGUI", "SpeechSynthesisGUI\SpeechSynthesisGUI.csproj", "{BC46E250-B8B4-47DE-91A3-93B4EAA17928}"
EndProject
Global
	GlobalSection(SolutionConfigurationPlatforms) = preSolution
		Debug|Any CPU = Debug|Any CPU
		Release|Any CPU = Release|Any CPU
	EndGlobalSection
	GlobalSection(ProjectConfigurationPlatforms) = postSolution
		{0777B7C6-E6E9-4EFE-9483-027A0FF4379E}.Debug|Any CPU.ActiveCfg = Debug|Any CPU
		{0777B7C6-E6E9-4EFE-9483-027A0FF4379E}.Debug|Any CPU.Build.0 = Debug|Any CPU
		{0777B7C6-E6E9-4EFE-9483-027A0FF4379E}.Release|Any CPU.ActiveCfg = Release|Any CPU
		{0777B7C6-E6E9-4EFE-9483-027A0FF4379E}.Release|Any CPU.Build.0 = Release|Any CPU
		{BC46E250-B8B4-47DE-91A3-93B4EAA17928}.Debug|Any CPU.ActiveCfg = Debug|Any CPU
		{BC46E250-B8B4-47DE-91A3-93B4EAA17928}.Debug|Any CPU.Build.0 = Debug|Any CPU
		{BC46E250-B8B4-47DE-91A3-93B4EAA17928}.Release|Any CPU.ActiveCfg = Release|Any CPU
		{BC46E250-B8B4-47DE-91A3-93B4EAA17928}.Release|Any CPU.Build.0 = Release|Any CPU
	EndGlobalSection
	GlobalSection(SolutionProperties) = preSolution
		HideSolutionNode = FALSE
	EndGlobalSection
	GlobalSection(ExtensibilityGlobals) = postSolution
		SolutionGuid = {41DD320E-6335-418F-B684-2F2648B75563}
	EndGlobalSection
EndGlobal
